
Microsoft Visual Studio Solution File, Format Version 10.00
# Visual Studio 2008
Project("{FAE04EC0-301F-11D3-BF4B-00C04F79EFBC}") = "starcraftbot_net_20052", "starcraftbot_net_20052.csproj", "{B6BAAB4D-F73C-41DC-B829-D18E10D24DAF}"
EndProject
Global
	GlobalSection(SolutionConfigurationPlatforms) = preSolution
		Debug|Any CPU = Debug|Any CPU
		Release|Any CPU = Release|Any CPU
	EndGlobalSection
	GlobalSection(ProjectConfigurationPlatforms) = postSolution
		{B6BAAB4D-F73C-41DC-B829-D18E10D24DAF}.Debug|Any CPU.ActiveCfg = Debug|Any CPU
		{B6BAAB4D-F73C-41DC-B829-D18E10D24DAF}.Debug|Any CPU.Build.0 = Debug|Any CPU
		{B6BAAB4D-F73C-41DC-B829-D18E10D24DAF}.Release|Any CPU.ActiveCfg = Release|Any CPU
		{B6BAAB4D-F73C-41DC-B829-D18E10D24DAF}.Release|Any CPU.Build.0 = Release|Any CPU
	EndGlobalSection
	GlobalSection(SolutionProperties) = preSolution
		HideSolutionNode = FALSE
	EndGlobalSection
EndGlobal
